
Microsoft Visual Studio Solution File, Format Version 12.00
# Visual Studio Version 17
VisualStudioVersion = 17.5.33530.505
MinimumVisualStudioVersion = 10.0.40219.1
Project("{FAE04EC0-301F-11D3-BF4B-00C04F79EFBC}") = "ConsoleDemo_22ndMay2023", "ConsoleDemo_22ndMay2023.csproj", "{9117F887-B236-4C8E-AD65-A4457E7251B8}"
EndProject
Global
	GlobalSection(SolutionConfigurationPlatforms) = preSolution
		Debug|Any CPU = Debug|Any CPU
		Release|Any CPU = Release|Any CPU
	EndGlobalSection
	GlobalSection(ProjectConfigurationPlatforms) = postSolution
		{9117F887-B236-4C8E-AD65-A4457E7251B8}.Debug|Any CPU.ActiveCfg = Debug|Any CPU
		{9117F887-B236-4C8E-AD65-A4457E7251B8}.Debug|Any CPU.Build.0 = Debug|Any CPU
		{9117F887-B236-4C8E-AD65-A4457E7251B8}.Release|Any CPU.ActiveCfg = Release|Any CPU
		{9117F887-B236-4C8E-AD65-A4457E7251B8}.Release|Any CPU.Build.0 = Release|Any CPU
	EndGlobalSection
	GlobalSection(SolutionProperties) = preSolution
		HideSolutionNode = FALSE
	EndGlobalSection
	GlobalSection(ExtensibilityGlobals) = postSolution
		SolutionGuid = {ED3810F7-261B-4042-B9C4-DE844A422856}
	EndGlobalSection
EndGlobal
